
Microsoft Visual Studio Solution File, Format Version 12.00
# Visual Studio Version 17
VisualStudioVersion = 17.0.31903.59
MinimumVisualStudioVersion = 10.0.40219.1
Project("{2150E333-8FDC-42A3-9474-1A3956D46DE8}") = "src", "src", "{E866AFDC-D2D4-4848-88CE-C8669A0E5340}"
EndProject
Project("{FAE04EC0-301F-11D3-BF4B-00C04F79EFBC}") = "OffworldLobbyServer.Api", "src\OffworldLobbyServer.Api\OffworldLobbyServer.Api.csproj", "{405B44F6-A5BF-4BA4-A843-6DBFCAB793F8}"
EndProject
Project("{FAE04EC0-301F-11D3-BF4B-00C04F79EFBC}") = "OffworldLobbyServer.Core", "src\OffworldLobbyServer.Core\OffworldLobbyServer.Core.csproj", "{48E83EB7-3069-499C-BFCF-792A8E784490}"
EndProject
Project("{FAE04EC0-301F-11D3-BF4B-00C04F79EFBC}") = "OffworldLobbyServer.Infrastructure", "src\OffworldLobbyServer.Infrastructure\OffworldLobbyServer.Infrastructure.csproj", "{61EF21AB-536B-47D6-B679-8F9AD20F0E18}"
EndProject
Project("{FAE04EC0-301F-11D3-BF4B-00C04F79EFBC}") = "OffworldLobbyServer.Shared", "src\OffworldLobbyServer.Shared\OffworldLobbyServer.Shared.csproj", "{7A2E9A33-DE35-4C5F-BC9E-9C1B634C2B25}"
EndProject
Project("{2150E333-8FDC-42A3-9474-1A3956D46DE8}") = "tests", "tests", "{8B3D2219-22CB-44A3-9A63-3DABD1784DBE}"
EndProject
Project("{FAE04EC0-301F-11D3-BF4B-00C04F79EFBC}") = "OffworldLobbyServer.Api.Tests", "tests\OffworldLobbyServer.Api.Tests\OffworldLobbyServer.Api.Tests.csproj", "{CFE56602-6F06-405D-84CA-FBD87C277FE4}"
EndProject
Project("{FAE04EC0-301F-11D3-BF4B-00C04F79EFBC}") = "OffworldLobbyServer.Core.Tests", "tests\OffworldLobbyServer.Core.Tests\OffworldLobbyServer.Core.Tests.csproj", "{1E353F4A-4065-45B0-BE55-D3BAE1F3661E}"
EndProject
Project("{FAE04EC0-301F-11D3-BF4B-00C04F79EFBC}") = "OffworldLobbyServer.Integration.Tests", "tests\OffworldLobbyServer.Integration.Tests\OffworldLobbyServer.Integration.Tests.csproj", "{8FEF7374-EC30-4683-AF6B-460E147E03FB}"
EndProject
Global
	GlobalSection(SolutionConfigurationPlatforms) = preSolution
		Debug|Any CPU = Debug|Any CPU
		Release|Any CPU = Release|Any CPU
	EndGlobalSection
	GlobalSection(SolutionProperties) = preSolution
		HideSolutionNode = FALSE
	EndGlobalSection
	GlobalSection(ProjectConfigurationPlatforms) = postSolution
		{405B44F6-A5BF-4BA4-A843-6DBFCAB793F8}.Debug|Any CPU.ActiveCfg = Debug|Any CPU
		{405B44F6-A5BF-4BA4-A843-6DBFCAB793F8}.Debug|Any CPU.Build.0 = Debug|Any CPU
		{405B44F6-A5BF-4BA4-A843-6DBFCAB793F8}.Release|Any CPU.ActiveCfg = Release|Any CPU
		{405B44F6-A5BF-4BA4-A843-6DBFCAB793F8}.Release|Any CPU.Build.0 = Release|Any CPU
		{48E83EB7-3069-499C-BFCF-792A8E784490}.Debug|Any CPU.ActiveCfg = Debug|Any CPU
		{48E83EB7-3069-499C-BFCF-792A8E784490}.Debug|Any CPU.Build.0 = Debug|Any CPU
		{48E83EB7-3069-499C-BFCF-792A8E784490}.Release|Any CPU.ActiveCfg = Release|Any CPU
		{48E83EB7-3069-499C-BFCF-792A8E784490}.Release|Any CPU.Build.0 = Release|Any CPU
		{61EF21AB-536B-47D6-B679-8F9AD20F0E18}.Debug|Any CPU.ActiveCfg = Debug|Any CPU
		{61EF21AB-536B-47D6-B679-8F9AD20F0E18}.Debug|Any CPU.Build.0 = Debug|Any CPU
		{61EF21AB-536B-47D6-B679-8F9AD20F0E18}.Release|Any CPU.ActiveCfg = Release|Any CPU
		{61EF21AB-536B-47D6-B679-8F9AD20F0E18}.Release|Any CPU.Build.0 = Release|Any CPU
		{7A2E9A33-DE35-4C5F-BC9E-9C1B634C2B25}.Debug|Any CPU.ActiveCfg = Debug|Any CPU
		{7A2E9A33-DE35-4C5F-BC9E-9C1B634C2B25}.Debug|Any CPU.Build.0 = Debug|Any CPU
		{7A2E9A33-DE35-4C5F-BC9E-9C1B634C2B25}.Release|Any CPU.ActiveCfg = Release|Any CPU
		{7A2E9A33-DE35-4C5F-BC9E-9C1B634C2B25}.Release|Any CPU.Build.0 = Release|Any CPU
		{CFE56602-6F06-405D-84CA-FBD87C277FE4}.Debug|Any CPU.ActiveCfg = Debug|Any CPU
		{CFE56602-6F06-405D-84CA-FBD87C277FE4}.Debug|Any CPU.Build.0 = Debug|Any CPU
		{CFE56602-6F06-405D-84CA-FBD87C277FE4}.Release|Any CPU.ActiveCfg = Release|Any CPU
		{CFE56602-6F06-405D-84CA-FBD87C277FE4}.Release|Any CPU.Build.0 = Release|Any CPU
		{1E353F4A-4065-45B0-BE55-D3BAE1F3661E}.Debug|Any CPU.ActiveCfg = Debug|Any CPU
		{1E353F4A-4065-45B0-BE55-D3BAE1F3661E}.Debug|Any CPU.Build.0 = Debug|Any CPU
		{1E353F4A-4065-45B0-BE55-D3BAE1F3661E}.Release|Any CPU.ActiveCfg = Release|Any CPU
		{1E353F4A-4065-45B0-BE55-D3BAE1F3661E}.Release|Any CPU.Build.0 = Release|Any CPU
		{8FEF7374-EC30-4683-AF6B-460E147E03FB}.Debug|Any CPU.ActiveCfg = Debug|Any CPU
		{8FEF7374-EC30-4683-AF6B-460E147E03FB}.Debug|Any CPU.Build.0 = Debug|Any CPU
		{8FEF7374-EC30-4683-AF6B-460E147E03FB}.Release|Any CPU.ActiveCfg = Release|Any CPU
		{8FEF7374-EC30-4683-AF6B-460E147E03FB}.Release|Any CPU.Build.0 = Release|Any CPU
	EndGlobalSection
	GlobalSection(NestedProjects) = preSolution
		{405B44F6-A5BF-4BA4-A843-6DBFCAB793F8} = {E866AFDC-D2D4-4848-88CE-C8669A0E5340}
		{48E83EB7-3069-499C-BFCF-792A8E784490} = {E866AFDC-D2D4-4848-88CE-C8669A0E5340}
		{61EF21AB-536B-47D6-B679-8F9AD20F0E18} = {E866AFDC-D2D4-4848-88CE-C8669A0E5340}
		{7A2E9A33-DE35-4C5F-BC9E-9C1B634C2B25} = {E866AFDC-D2D4-4848-88CE-C8669A0E5340}
		{CFE56602-6F06-405D-84CA-FBD87C277FE4} = {8B3D2219-22CB-44A3-9A63-3DABD1784DBE}
		{1E353F4A-4065-45B0-BE55-D3BAE1F3661E} = {8B3D2219-22CB-44A3-9A63-3DABD1784DBE}
		{8FEF7374-EC30-4683-AF6B-460E147E03FB} = {8B3D2219-22CB-44A3-9A63-3DABD1784DBE}
	EndGlobalSection
EndGlobal
